// !$*UTF8*$!
{
	archiveVersion = 1;
	classes = {
	};
	objectVersion = 56;
	objects = {

/* Begin PBXBuildFile section */
		D04B940E2913C1FA0046F5B6 /* AppDelegate.swift in Sources */ = {isa = PBXBuildFile; fileRef = D04B940D2913C1FA0046F5B6 /* AppDelegate.swift */; };
		D04B94102913C1FA0046F5B6 /* SceneDelegate.swift in Sources */ = {isa = PBXBuildFile; fileRef = D04B940F2913C1FA0046F5B6 /* SceneDelegate.swift */; };
		D04B94122913C1FA0046F5B6 /* ViewController.swift in Sources */ = {isa = PBXBuildFile; fileRef = D04B94112913C1FA0046F5B6 /* ViewController.swift */; };
		D04B94172913C1FB0046F5B6 /* Assets.xcassets in Resources */ = {isa = PBXBuildFile; fileRef = D04B94162913C1FB0046F5B6 /* Assets.xcassets */; };
		D04B94282913C5270046F5B6 /* SnapKit in Frameworks */ = {isa = PBXBuildFile; productRef = D04B94272913C5270046F5B6 /* SnapKit */; };
		D04B942B2913C5350046F5B6 /* Alamofire in Frameworks */ = {isa = PBXBuildFile; productRef = D04B942A2913C5350046F5B6 /* Alamofire */; };
		D04B942E2913C5440046F5B6 /* RxCocoa in Frameworks */ = {isa = PBXBuildFile; productRef = D04B942D2913C5440046F5B6 /* RxCocoa */; };
		D04B94302913C5440046F5B6 /* RxSwift in Frameworks */ = {isa = PBXBuildFile; productRef = D04B942F2913C5440046F5B6 /* RxSwift */; };
		D04B94332913C54F0046F5B6 /* Then in Frameworks */ = {isa = PBXBuildFile; productRef = D04B94322913C54F0046F5B6 /* Then */; };
/* End PBXBuildFile section */

/* Begin PBXFileReference section */
		D04B940A2913C1FA0046F5B6 /* SeSac_MVVM_Network.app */ = {isa = PBXFileReference; explicitFileType = wrapper.application; includeInIndex = 0; path = SeSac_MVVM_Network.app; sourceTree = BUILT_PRODUCTS_DIR; };
		D04B940D2913C1FA0046F5B6 /* AppDelegate.swift */ = {isa = PBXFileReference; lastKnownFileType = sourcecode.swift; path = AppDelegate.swift; sourceTree = "<group>"; };
		D04B940F2913C1FA0046F5B6 /* SceneDelegate.swift */ = {isa = PBXFileReference; lastKnownFileType = sourcecode.swift; path = SceneDelegate.swift; sourceTree = "<group>"; };
		D04B94112913C1FA0046F5B6 /* ViewController.swift */ = {isa = PBXFileReference; lastKnownFileType = sourcecode.swift; path = ViewController.swift; sourceTree = "<group>"; };
		D04B94162913C1FB0046F5B6 /* Assets.xcassets */ = {isa = PBXFileReference; lastKnownFileType = folder.assetcatalog; path = Assets.xcassets; sourceTree = "<group>"; };
		D04B941B2913C1FB0046F5B6 /* Info.plist */ = {isa = PBXFileReference; lastKnownFileType = text.plist.xml; path = Info.plist; sourceTree = "<group>"; };
/* End PBXFileReference section */

/* Begin PBXFrameworksBuildPhase section */
		D04B94072913C1FA0046F5B6 /* Frameworks */ = {
			isa = PBXFrameworksBuildPhase;
			buildActionMask = 2147483647;
			files = (
				D04B94332913C54F0046F5B6 /* Then in Frameworks */,
				D04B942E2913C5440046F5B6 /* RxCocoa in Frameworks */,
				D04B94282913C5270046F5B6 /* SnapKit in Frameworks */,
				D04B94302913C5440046F5B6 /* RxSwift in Frameworks */,
				D04B942B2913C5350046F5B6 /* Alamofire in Frameworks */,
			);
			runOnlyForDeploymentPostprocessing = 0;
		};
/* End PBXFrameworksBuildPhase section */

/* Begin PBXGroup section */
		D04B94012913C1FA0046F5B6 = {
			isa = PBXGroup;
			children = (
				D04B940C2913C1FA0046F5B6 /* SeSac_MVVM_Network */,
				D04B940B2913C1FA0046F5B6 /* Products */,
			);
			sourceTree = "<group>";
		};
		D04B940B2913C1FA0046F5B6 /* Products */ = {
			isa = PBXGroup;
			children = (
				D04B940A2913C1FA0046F5B6 /* SeSac_MVVM_Network.app */,
			);
			name = Products;
			sourceTree = "<group>";
		};
		D04B940C2913C1FA0046F5B6 /* SeSac_MVVM_Network */ = {
			isa = PBXGroup;
			children = (
				D04B94212913C4080046F5B6 /* APP */,
				D04B94242913C4160046F5B6 /* Utility */,
				D04B94232913C4130046F5B6 /* Manager */,
				D04B94222913C40F0046F5B6 /* Network */,
				D04B94252913C4E70046F5B6 /* View */,
				D04B94162913C1FB0046F5B6 /* Assets.xcassets */,
				D04B941B2913C1FB0046F5B6 /* Info.plist */,
			);
			path = SeSac_MVVM_Network;
			sourceTree = "<group>";
		};
		D04B94212913C4080046F5B6 /* APP */ = {
			isa = PBXGroup;
			children = (
				D04B940D2913C1FA0046F5B6 /* AppDelegate.swift */,
				D04B940F2913C1FA0046F5B6 /* SceneDelegate.swift */,
			);
			path = APP;
			sourceTree = "<group>";
		};
		D04B94222913C40F0046F5B6 /* Network */ = {
			isa = PBXGroup;
			children = (
			);
			path = Network;
			sourceTree = "<group>";
		};
		D04B94232913C4130046F5B6 /* Manager */ = {
			isa = PBXGroup;
			children = (
			);
			path = Manager;
			sourceTree = "<group>";
		};
		D04B94242913C4160046F5B6 /* Utility */ = {
			isa = PBXGroup;
			children = (
			);
			path = Utility;
			sourceTree = "<group>";
		};
		D04B94252913C4E70046F5B6 /* View */ = {
			isa = PBXGroup;
			children = (
				D04B94112913C1FA0046F5B6 /* ViewController.swift */,
			);
			path = View;
			sourceTree = "<group>";
		};
/* End PBXGroup section */

/* Begin PBXNativeTarget section */
		D04B94092913C1FA0046F5B6 /* SeSac_MVVM_Network */ = {
			isa = PBXNativeTarget;
			buildConfigurationList = D04B941E2913C1FB0046F5B6 /* Build configuration list for PBXNativeTarget "SeSac_MVVM_Network" */;
			buildPhases = (
				D04B94062913C1FA0046F5B6 /* Sources */,
				D04B94072913C1FA0046F5B6 /* Frameworks */,
				D04B94082913C1FA0046F5B6 /* Resources */,
			);
			buildRules = (
			);
			dependencies = (
			);
			name = SeSac_MVVM_Network;
			packageProductDependencies = (
				D04B94272913C5270046F5B6 /* SnapKit */,
				D04B942A2913C5350046F5B6 /* Alamofire */,
				D04B942D2913C5440046F5B6 /* RxCocoa */,
				D04B942F2913C5440046F5B6 /* RxSwift */,
				D04B94322913C54F0046F5B6 /* Then */,
			);
			productName = SeSac_MVVM_Network;
			productReference = D04B940A2913C1FA0046F5B6 /* SeSac_MVVM_Network.app */;
			productType = "com.apple.product-type.application";
		};
/* End PBXNativeTarget section */

/* Begin PBXProject section */
		D04B94022913C1FA0046F5B6 /* Project object */ = {
			isa = PBXProject;
			attributes = {
				BuildIndependentTargetsInParallel = 1;
				LastSwiftUpdateCheck = 1410;
				LastUpgradeCheck = 1410;
				TargetAttributes = {
					D04B94092913C1FA0046F5B6 = {
						CreatedOnToolsVersion = 14.1;
					};
				};
			};
			buildConfigurationList = D04B94052913C1FA0046F5B6 /* Build configuration list for PBXProject "SeSac_MVVM_Network" */;
			compatibilityVersion = "Xcode 14.0";
			developmentRegion = en;
			hasScannedForEncodings = 0;
			knownRegions = (
				en,
				Base,
			);
			mainGroup = D04B94012913C1FA0046F5B6;
			packageReferences = (
				D04B94262913C5270046F5B6 /* XCRemoteSwiftPackageReference "SnapKit" */,
				D04B94292913C5340046F5B6 /* XCRemoteSwiftPackageReference "Alamofire" */,
				D04B942C2913C5440046F5B6 /* XCRemoteSwiftPackageReference "RxSwift" */,
				D04B94312913C54F0046F5B6 /* XCRemoteSwiftPackageReference "Then" */,
			);
			productRefGroup = D04B940B2913C1FA0046F5B6 /* Products */;
			projectDirPath = "";
			projectRoot = "";
			targets = (
				D04B94092913C1FA0046F5B6 /* SeSac_MVVM_Network */,
			);
		};
/* End PBXProject section */

/* Begin PBXResourcesBuildPhase section */
		D04B94082913C1FA0046F5B6 /* Resources */ = {
			isa = PBXResourcesBuildPhase;
			buildActionMask = 2147483647;
			files = (
				D04B94172913C1FB0046F5B6 /* Assets.xcassets in Resources */,
			);
			runOnlyForDeploymentPostprocessing = 0;
		};
/* End PBXResourcesBuildPhase section */

/* Begin PBXSourcesBuildPhase section */
		D04B94062913C1FA0046F5B6 /* Sources */ = {
			isa = PBXSourcesBuildPhase;
			buildActionMask = 2147483647;
			files = (
				D04B94122913C1FA0046F5B6 /* ViewController.swift in Sources */,
				D04B940E2913C1FA0046F5B6 /* AppDelegate.swift in Sources */,
				D04B94102913C1FA0046F5B6 /* SceneDelegate.swift in Sources */,
			);
			runOnlyForDeploymentPostprocessing = 0;
		};
/* End PBXSourcesBuildPhase section */

/* Begin XCBuildConfiguration section */
		D04B941C2913C1FB0046F5B6 /* Debug */ = {
			isa = XCBuildConfiguration;
			buildSettings = {
				ALWAYS_SEARCH_USER_PATHS = NO;
				CLANG_ANALYZER_NONNULL = YES;
				CLANG_ANALYZER_NUMBER_OBJECT_CONVERSION = YES_AGGRESSIVE;
				CLANG_CXX_LANGUAGE_STANDARD = "gnu++20";
				CLANG_ENABLE_MODULES = YES;
				CLANG_ENABLE_OBJC_ARC = YES;
				CLANG_ENABLE_OBJC_WEAK = YES;
				CLANG_WARN_BLOCK_CAPTURE_AUTORELEASING = YES;
				CLANG_WARN_BOOL_CONVERSION = YES;
				CLANG_WARN_COMMA = YES;
				CLANG_WARN_CONSTANT_CONVERSION = YES;
				CLANG_WARN_DEPRECATED_OBJC_IMPLEMENTATIONS = YES;
				CLANG_WARN_DIRECT_OBJC_ISA_USAGE = YES_ERROR;
				CLANG_WARN_DOCUMENTATION_COMMENTS = YES;
				CLANG_WARN_EMPTY_BODY = YES;
				CLANG_WARN_ENUM_CONVERSION = YES;
				CLANG_WARN_INFINITE_RECURSION = YES;
				CLANG_WARN_INT_CONVERSION = YES;
				CLANG_WARN_NON_LITERAL_NULL_CONVERSION = YES;
				CLANG_WARN_OBJC_IMPLICIT_RETAIN_SELF = YES;
				CLANG_WARN_OBJC_LITERAL_CONVERSION = YES;
				CLANG_WARN_OBJC_ROOT_CLASS = YES_ERROR;
				CLANG_WARN_QUOTED_INCLUDE_IN_FRAMEWORK_HEADER = YES;
				CLANG_WARN_RANGE_LOOP_ANALYSIS = YES;
				CLANG_WARN_STRICT_PROTOTYPES = YES;
				CLANG_WARN_SUSPICIOUS_MOVE = YES;
				CLANG_WARN_UNGUARDED_AVAILABILITY = YES_AGGRESSIVE;
				CLANG_WARN_UNREACHABLE_CODE = YES;
				CLANG_WARN__DUPLICATE_METHOD_MATCH = YES;
				COPY_PHASE_STRIP = NO;
				DEBUG_INFORMATION_FORMAT = dwarf;
				ENABLE_STRICT_OBJC_MSGSEND = YES;
				ENABLE_TESTABILITY = YES;
				GCC_C_LANGUAGE_STANDARD = gnu11;
				GCC_DYNAMIC_NO_PIC = NO;
				GCC_NO_COMMON_BLOCKS = YES;
				GCC_OPTIMIZATION_LEVEL = 0;
				GCC_PREPROCESSOR_DEFINITIONS = (
					"DEBUG=1",
					"$(inherited)",
				);
				GCC_WARN_64_TO_32_BIT_CONVERSION = YES;
				GCC_WARN_ABOUT_RETURN_TYPE = YES_ERROR;
				GCC_WARN_UNDECLARED_SELECTOR = YES;
				GCC_WARN_UNINITIALIZED_AUTOS = YES_AGGRESSIVE;
				GCC_WARN_UNUSED_FUNCTION = YES;
				GCC_WARN_UNUSED_VARIABLE = YES;
				IPHONEOS_DEPLOYMENT_TARGET = 16.1;
				MTL_ENABLE_DEBUG_INFO = INCLUDE_SOURCE;
				MTL_FAST_MATH = YES;
				ONLY_ACTIVE_ARCH = YES;
				SDKROOT = iphoneos;
				SWIFT_ACTIVE_COMPILATION_CONDITIONS = DEBUG;
				SWIFT_OPTIMIZATION_LEVEL = "-Onone";
			};
			name = Debug;
		};
		D04B941D2913C1FB0046F5B6 /* Release */ = {
			isa = XCBuildConfiguration;
			buildSettings = {
				ALWAYS_SEARCH_USER_PATHS = NO;
				CLANG_ANALYZER_NONNULL = YES;
				CLANG_ANALYZER_NUMBER_OBJECT_CONVERSION = YES_AGGRESSIVE;
				CLANG_CXX_LANGUAGE_STANDARD = "gnu++20";
				CLANG_ENABLE_MODULES = YES;
				CLANG_ENABLE_OBJC_ARC = YES;
				CLANG_ENABLE_OBJC_WEAK = YES;
				CLANG_WARN_BLOCK_CAPTURE_AUTORELEASING = YES;
				CLANG_WARN_BOOL_CONVERSION = YES;
				CLANG_WARN_COMMA = YES;
				CLANG_WARN_CONSTANT_CONVERSION = YES;
				CLANG_WARN_DEPRECATED_OBJC_IMPLEMENTATIONS = YES;
				CLANG_WARN_DIRECT_OBJC_ISA_USAGE = YES_ERROR;
				CLANG_WARN_DOCUMENTATION_COMMENTS = YES;
				CLANG_WARN_EMPTY_BODY = YES;
				CLANG_WARN_ENUM_CONVERSION = YES;
				CLANG_WARN_INFINITE_RECURSION = YES;
				CLANG_WARN_INT_CONVERSION = YES;
				CLANG_WARN_NON_LITERAL_NULL_CONVERSION = YES;
				CLANG_WARN_OBJC_IMPLICIT_RETAIN_SELF = YES;
				CLANG_WARN_OBJC_LITERAL_CONVERSION = YES;
				CLANG_WARN_OBJC_ROOT_CLASS = YES_ERROR;
				CLANG_WARN_QUOTED_INCLUDE_IN_FRAMEWORK_HEADER = YES;
				CLANG_WARN_RANGE_LOOP_ANALYSIS = YES;
				CLANG_WARN_STRICT_PROTOTYPES = YES;
				CLANG_WARN_SUSPICIOUS_MOVE = YES;
				CLANG_WARN_UNGUARDED_AVAILABILITY = YES_AGGRESSIVE;
				CLANG_WARN_UNREACHABLE_CODE = YES;
				CLANG_WARN__DUPLICATE_METHOD_MATCH = YES;
				COPY_PHASE_STRIP = NO;
				DEBUG_INFORMATION_FORMAT = "dwarf-with-dsym";
				ENABLE_NS_ASSERTIONS = NO;
				ENABLE_STRICT_OBJC_MSGSEND = YES;
				GCC_C_LANGUAGE_STANDARD = gnu11;
				GCC_NO_COMMON_BLOCKS = YES;
				GCC_WARN_64_TO_32_BIT_CONVERSION = YES;
				GCC_WARN_ABOUT_RETURN_TYPE = YES_ERROR;
				GCC_WARN_UNDECLARED_SELECTOR = YES;
				GCC_WARN_UNINITIALIZED_AUTOS = YES_AGGRESSIVE;
				GCC_WARN_UNUSED_FUNCTION = YES;
				GCC_WARN_UNUSED_VARIABLE = YES;
				IPHONEOS_DEPLOYMENT_TARGET = 16.1;
				MTL_ENABLE_DEBUG_INFO = NO;
				MTL_FAST_MATH = YES;
				SDKROOT = iphoneos;
				SWIFT_COMPILATION_MODE = wholemodule;
				SWIFT_OPTIMIZATION_LEVEL = "-O";
				VALIDATE_PRODUCT = YES;
			};
			name = Release;
		};
		D04B941F2913C1FB0046F5B6 /* Debug */ = {
			isa = XCBuildConfiguration;
			buildSettings = {
				ASSETCATALOG_COMPILER_APPICON_NAME = AppIcon;
				ASSETCATALOG_COMPILER_GLOBAL_ACCENT_COLOR_NAME = AccentColor;
				CODE_SIGN_STYLE = Automatic;
				CURRENT_PROJECT_VERSION = 1;
				DEVELOPMENT_TEAM = PW2RLJT734;
				GENERATE_INFOPLIST_FILE = YES;
				INFOPLIST_FILE = SeSac_MVVM_Network/Info.plist;
				INFOPLIST_KEY_UIApplicationSupportsIndirectInputEvents = YES;
				INFOPLIST_KEY_UILaunchStoryboardName = LaunchScreen;
				INFOPLIST_KEY_UISupportedInterfaceOrientations = UIInterfaceOrientationPortrait;
				INFOPLIST_KEY_UISupportedInterfaceOrientations_iPad = "UIInterfaceOrientationLandscapeLeft UIInterfaceOrientationLandscapeRight UIInterfaceOrientationPortrait UIInterfaceOrientationPortraitUpsideDown";
				IPHONEOS_DEPLOYMENT_TARGET = 15.0;
				LD_RUNPATH_SEARCH_PATHS = (
					"$(inherited)",
					"@executable_path/Frameworks",
				);
				MARKETING_VERSION = 1.0;
				PRODUCT_BUNDLE_IDENTIFIER = "com.DongHee.SeSac-MVVM-Network";
				PRODUCT_NAME = "$(TARGET_NAME)";
				SUPPORTED_PLATFORMS = "iphoneos iphonesimulator";
				SUPPORTS_MACCATALYST = NO;
				SUPPORTS_MAC_DESIGNED_FOR_IPHONE_IPAD = YES;
				SWIFT_EMIT_LOC_STRINGS = YES;
				SWIFT_VERSION = 5.0;
				TARGETED_DEVICE_FAMILY = 1;
			};
			name = Debug;
		};
		D04B94202913C1FB0046F5B6 /* Release */ = {
			isa = XCBuildConfiguration;
			buildSettings = {
				ASSETCATALOG_COMPILER_APPICON_NAME = AppIcon;
				ASSETCATALOG_COMPILER_GLOBAL_ACCENT_COLOR_NAME = AccentColor;
				CODE_SIGN_STYLE = Automatic;
				CURRENT_PROJECT_VERSION = 1;
				DEVELOPMENT_TEAM = PW2RLJT734;
				GENERATE_INFOPLIST_FILE = YES;
				INFOPLIST_FILE = SeSac_MVVM_Network/Info.plist;
				INFOPLIST_KEY_UIApplicationSupportsIndirectInputEvents = YES;
				INFOPLIST_KEY_UILaunchStoryboardName = LaunchScreen;
				INFOPLIST_KEY_UISupportedInterfaceOrientations = UIInterfaceOrientationPortrait;
				INFOPLIST_KEY_UISupportedInterfaceOrientations_iPad = "UIInterfaceOrientationLandscapeLeft UIInterfaceOrientationLandscapeRight UIInterfaceOrientationPortrait UIInterfaceOrientationPortraitUpsideDown";
				IPHONEOS_DEPLOYMENT_TARGET = 15.0;
				LD_RUNPATH_SEARCH_PATHS = (
					"$(inherited)",
					"@executable_path/Frameworks",
				);
				MARKETING_VERSION = 1.0;
				PRODUCT_BUNDLE_IDENTIFIER = "com.DongHee.SeSac-MVVM-Network";
				PRODUCT_NAME = "$(TARGET_NAME)";
				SUPPORTED_PLATFORMS = "iphoneos iphonesimulator";
				SUPPORTS_MACCATALYST = NO;
				SUPPORTS_MAC_DESIGNED_FOR_IPHONE_IPAD = YES;
				SWIFT_EMIT_LOC_STRINGS = YES;
				SWIFT_VERSION = 5.0;
				TARGETED_DEVICE_FAMILY = 1;
			};
			name = Release;
		};
/* End XCBuildConfiguration section */

/* Begin XCConfigurationList section */
		D04B94052913C1FA0046F5B6 /* Build configuration list for PBXProject "SeSac_MVVM_Network" */ = {
			isa = XCConfigurationList;
			buildConfigurations = (
				D04B941C2913C1FB0046F5B6 /* Debug */,
				D04B941D2913C1FB0046F5B6 /* Release */,
			);
			defaultConfigurationIsVisible = 0;
			defaultConfigurationName = Release;
		};
		D04B941E2913C1FB0046F5B6 /* Build configuration list for PBXNativeTarget "SeSac_MVVM_Network" */ = {
			isa = XCConfigurationList;
			buildConfigurations = (
				D04B941F2913C1FB0046F5B6 /* Debug */,
				D04B94202913C1FB0046F5B6 /* Release */,
			);
			defaultConfigurationIsVisible = 0;
			defaultConfigurationName = Release;
		};
/* End XCConfigurationList section */

/* Begin XCRemoteSwiftPackageReference section */
		D04B94262913C5270046F5B6 /* XCRemoteSwiftPackageReference "SnapKit" */ = {
			isa = XCRemoteSwiftPackageReference;
			repositoryURL = "https://github.com/SnapKit/SnapKit.git";
			requirement = {
				kind = upToNextMajorVersion;
				minimumVersion = 5.0.0;
			};
		};
		D04B94292913C5340046F5B6 /* XCRemoteSwiftPackageReference "Alamofire" */ = {
			isa = XCRemoteSwiftPackageReference;
			repositoryURL = "http://github.com/Alamofire/Alamofire";
			requirement = {
				kind = upToNextMajorVersion;
				minimumVersion = 5.0.0;
			};
		};
		D04B942C2913C5440046F5B6 /* XCRemoteSwiftPackageReference "RxSwift" */ = {
			isa = XCRemoteSwiftPackageReference;
			repositoryURL = "https://github.com/ReactiveX/RxSwift.git";
			requirement = {
				kind = upToNextMajorVersion;
				minimumVersion = 6.0.0;
			};
		};
		D04B94312913C54F0046F5B6 /* XCRemoteSwiftPackageReference "Then" */ = {
			isa = XCRemoteSwiftPackageReference;
			repositoryURL = "https://github.com/devxoul/Then.git";
			requirement = {
				kind = upToNextMajorVersion;
				minimumVersion = 3.0.0;
			};
		};
/* End XCRemoteSwiftPackageReference section */

/* Begin XCSwiftPackageProductDependency section */
		D04B94272913C5270046F5B6 /* SnapKit */ = {
			isa = XCSwiftPackageProductDependency;
			package = D04B94262913C5270046F5B6 /* XCRemoteSwiftPackageReference "SnapKit" */;
			productName = SnapKit;
		};
		D04B942A2913C5350046F5B6 /* Alamofire */ = {
			isa = XCSwiftPackageProductDependency;
			package = D04B94292913C5340046F5B6 /* XCRemoteSwiftPackageReference "Alamofire" */;
			productName = Alamofire;
		};
		D04B942D2913C5440046F5B6 /* RxCocoa */ = {
			isa = XCSwiftPackageProductDependency;
			package = D04B942C2913C5440046F5B6 /* XCRemoteSwiftPackageReference "RxSwift" */;
			productName = RxCocoa;
		};
		D04B942F2913C5440046F5B6 /* RxSwift */ = {
			isa = XCSwiftPackageProductDependency;
			package = D04B942C2913C5440046F5B6 /* XCRemoteSwiftPackageReference "RxSwift" */;
			productName = RxSwift;
		};
		D04B94322913C54F0046F5B6 /* Then */ = {
			isa = XCSwiftPackageProductDependency;
			package = D04B94312913C54F0046F5B6 /* XCRemoteSwiftPackageReference "Then" */;
			productName = Then;
		};
/* End XCSwiftPackageProductDependency section */
	};
	rootObject = D04B94022913C1FA0046F5B6 /* Project object */;
}
